# THIS IS AN AUTOGENERATED FILE. DO NOT EDIT THIS FILE DIRECTLY.
# yarn lockfile v1


"@types/ajv-merge-patch@^4.1.2":
  "integrity" "sha512-GK4OGFkohqyFpIZ6K8cIykUX8LqcPrh3oK7XcZDOieTqUjRMs0V8WYcpoWYIXdxlY4lzofeQLUHVIbR/8I2L3g=="
  "resolved" "https://registry.npmjs.org/@types/ajv-merge-patch/-/ajv-merge-patch-4.1.2.tgz"
  "version" "4.1.2"
  dependencies:
    "ajv" ">=4.1.0"

"ajv-formats@^2.1.1":
  "integrity" "sha512-Wx0Kx52hxE7C18hkMEggYlEifqWZtYaRgouJor+WMdPnQyEK13vgEWyVNup7SoeeoLMsr4kf5h6dOW11I15MUA=="
  "resolved" "https://registry.npmjs.org/ajv-formats/-/ajv-formats-2.1.1.tgz"
  "version" "2.1.1"
  dependencies:
    "ajv" "^8.0.0"

"ajv-keywords@^5.1.0":
  "integrity" "sha512-YCS/JNFAUyr5vAuhk1DWm1CBxRHW9LbJ2ozWeemrIqpbsqKjHVxYPyi5GC0rjZIT5JxJ3virVTS8wk4i/Z+krw=="
  "resolved" "https://registry.npmjs.org/ajv-keywords/-/ajv-keywords-5.1.0.tgz"
  "version" "5.1.0"
  dependencies:
    "fast-deep-equal" "^3.1.3"

"ajv-merge-patch@^5.0.1":
  "integrity" "sha512-0UP3aJCzfzBOkmLR+EinJDCfg6DNtprj3bVPo7JJNgUpZMKt097t9xxQOWFGRoB4JvKKIHE2qe0HkVaS/HyrjQ=="
  "resolved" "https://registry.npmjs.org/ajv-merge-patch/-/ajv-merge-patch-5.0.1.tgz"
  "version" "5.0.1"
  dependencies:
    "fast-json-patch" "^2.0.6"
    "json-merge-patch" "^1.0.2"

"ajv@^8.0.0", "ajv@^8.8.2", "ajv@>=4.1.0", "ajv@>=8.0.0":
  "integrity" "sha512-qOKJyNj/h+OWx7s5DePL6Zu1KeM9jPZhwBqs+7DzP6bGOvqzVCSf0xueYmVuaC/oQ/VtS2zLMLHdQFbkka+XDQ=="
  "resolved" "https://registry.npmjs.org/ajv/-/ajv-8.9.0.tgz"
  "version" "8.9.0"
  dependencies:
    "fast-deep-equal" "^3.1.1"
    "json-schema-traverse" "^1.0.0"
    "require-from-string" "^2.0.2"
    "uri-js" "^4.2.2"

"fast-deep-equal@^2.0.1":
  "integrity" "sha1-ewUhjd+WZ79/Nwv3/bLLFf3Qqkk="
  "resolved" "https://registry.npmjs.org/fast-deep-equal/-/fast-deep-equal-2.0.1.tgz"
  "version" "2.0.1"

"fast-deep-equal@^3.1.1", "fast-deep-equal@^3.1.3":
  "integrity" "sha512-f3qQ9oQy9j2AhBe/H9VC91wLmKBCCU/gDOnKNAYG5hswO7BLKj09Hc5HYNz9cGI++xlpDCIgDaitVs03ATR84Q=="
  "resolved" "https://registry.npmjs.org/fast-deep-equal/-/fast-deep-equal-3.1.3.tgz"
  "version" "3.1.3"

"fast-json-patch@^2.0.6":
  "integrity" "sha512-4j5uBaTnsYAV5ebkidvxiLUYOwjQ+JSFljeqfTxCrH9bDmlCQaOJFS84oDJ2rAXZq2yskmk3ORfoP9DCwqFNig=="
  "resolved" "https://registry.npmjs.org/fast-json-patch/-/fast-json-patch-2.2.1.tgz"
  "version" "2.2.1"
  dependencies:
    "fast-deep-equal" "^2.0.1"

"json-merge-patch@^1.0.2":
  "integrity" "sha512-M6Vp2GN9L7cfuMXiWOmHj9bEFbeC250iVtcKQbqVgEsDVYnIsrNsbU+h/Y/PkbBQCtEa4Bez+Ebv0zfbC8ObLg=="
  "resolved" "https://registry.npmjs.org/json-merge-patch/-/json-merge-patch-1.0.2.tgz"
  "version" "1.0.2"
  dependencies:
    "fast-deep-equal" "^3.1.3"

"json-schema-traverse@^1.0.0":
  "integrity" "sha512-NM8/P9n3XjXhIZn1lLhkFaACTOURQXjWhV4BA/RnOv8xvgqtqpAX9IO4mRQxSx1Rlo4tqzeqb0sOlruaOy3dug=="
  "resolved" "https://registry.npmjs.org/json-schema-traverse/-/json-schema-traverse-1.0.0.tgz"
  "version" "1.0.0"

"punycode@^2.1.0":
  "integrity" "sha512-XRsRjdf+j5ml+y/6GKHPZbrF/8p2Yga0JPtdqTIY2Xe5ohJPD9saDJJLPvp9+NSBprVvevdXZybnj2cv8OEd0A=="
  "resolved" "https://registry.npmjs.org/punycode/-/punycode-2.1.1.tgz"
  "version" "2.1.1"

"require-from-string@^2.0.2":
  "integrity" "sha512-Xf0nWe6RseziFMu+Ap9biiUbmplq6S9/p+7w7YXP/JBHhrUDDUhwa+vANyubuqfZWTveU//DYVGsDG7RKL/vEw=="
  "resolved" "https://registry.npmjs.org/require-from-string/-/require-from-string-2.0.2.tgz"
  "version" "2.0.2"

"uri-js@^4.2.2":
  "integrity" "sha512-7rKUyy33Q1yc98pQ1DAmLtwX109F7TIfWlW1Ydo8Wl1ii1SeHieeh0HHfPeL2fMXK6z0s8ecKs9frCuLJvndBg=="
  "resolved" "https://registry.npmjs.org/uri-js/-/uri-js-4.4.1.tgz"
  "version" "4.4.1"
  dependencies:
    "punycode" "^2.1.0"
