# THIS IS AN AUTOGENERATED FILE. DO NOT EDIT THIS FILE DIRECTLY.
# yarn lockfile v1


"ajv-formats@^2.1.1":
  "integrity" "sha512-Wx0Kx52hxE7C18hkMEggYlEifqWZtYaRgouJor+WMdPnQyEK13vgEWyVNup7SoeeoLMsr4kf5h6dOW11I15MUA=="
  "resolved" "https://registry.npmjs.org/ajv-formats/-/ajv-formats-2.1.1.tgz"
  "version" "2.1.1"
  dependencies:
    "ajv" "^8.0.0"

"ajv-keywords@^5.1.0":
  "integrity" "sha512-YCS/JNFAUyr5vAuhk1DWm1CBxRHW9LbJ2ozWeemrIqpbsqKjHVxYPyi5GC0rjZIT5JxJ3virVTS8wk4i/Z+krw=="
  "resolved" "https://registry.npmjs.org/ajv-keywords/-/ajv-keywords-5.1.0.tgz"
  "version" "5.1.0"
  dependencies:
    "fast-deep-equal" "^3.1.3"

"ajv-merge-patch@^5.0.1":
  "integrity" "sha512-0UP3aJCzfzBOkmLR+EinJDCfg6DNtprj3bVPo7JJNgUpZMKt097t9xxQOWFGRoB4JvKKIHE2qe0HkVaS/HyrjQ=="
  "resolved" "https://registry.npmjs.org/ajv-merge-patch/-/ajv-merge-patch-5.0.1.tgz"
  "version" "5.0.1"
  dependencies:
    "fast-json-patch" "^2.0.6"
    "json-merge-patch" "^1.0.2"

"ajv@^8.0.0", "ajv@^8.8.2", "ajv@>=8.0.0":
  "integrity" "sha512-qOKJyNj/h+OWx7s5DePL6Zu1KeM9jPZhwBqs+7DzP6bGOvqzVCSf0xueYmVuaC/oQ/VtS2zLMLHdQFbkka+XDQ=="
  "resolved" "https://registry.npmjs.org/ajv/-/ajv-8.9.0.tgz"
  "version" "8.9.0"
  dependencies:
    "fast-deep-equal" "^3.1.1"
    "json-schema-traverse" "^1.0.0"
    "require-from-string" "^2.0.2"
    "uri-js" "^4.2.2"

"balanced-match@^1.0.0":
  "integrity" "sha1-ibTRmasr7kneFk6gK4nORi1xt2c="
  "resolved" "https://registry.npmjs.org/balanced-match/-/balanced-match-1.0.0.tgz"
  "version" "1.0.0"

"brace-expansion@^1.1.7":
  "integrity" "sha512-iCuPHDFgrHX7H2vEI/5xpz07zSHB00TpugqhmYtVmMO6518mCuRMoOYFldEBl0g187ufozdaHgWKcYFb61qGiA=="
  "resolved" "https://registry.npmjs.org/brace-expansion/-/brace-expansion-1.1.11.tgz"
  "version" "1.1.11"
  dependencies:
    "balanced-match" "^1.0.0"
    "concat-map" "0.0.1"

"concat-map@0.0.1":
  "integrity" "sha1-2Klr13/Wjfd5OnMDajug1UBdR3s="
  "resolved" "https://registry.npmjs.org/concat-map/-/concat-map-0.0.1.tgz"
  "version" "0.0.1"

"fast-deep-equal@^2.0.1":
  "integrity" "sha1-ewUhjd+WZ79/Nwv3/bLLFf3Qqkk="
  "resolved" "https://registry.npmjs.org/fast-deep-equal/-/fast-deep-equal-2.0.1.tgz"
  "version" "2.0.1"

"fast-deep-equal@^3.1.1", "fast-deep-equal@^3.1.3":
  "integrity" "sha512-f3qQ9oQy9j2AhBe/H9VC91wLmKBCCU/gDOnKNAYG5hswO7BLKj09Hc5HYNz9cGI++xlpDCIgDaitVs03ATR84Q=="
  "resolved" "https://registry.npmjs.org/fast-deep-equal/-/fast-deep-equal-3.1.3.tgz"
  "version" "3.1.3"

"fast-json-patch@^2.0.6":
  "integrity" "sha512-4j5uBaTnsYAV5ebkidvxiLUYOwjQ+JSFljeqfTxCrH9bDmlCQaOJFS84oDJ2rAXZq2yskmk3ORfoP9DCwqFNig=="
  "resolved" "https://registry.npmjs.org/fast-json-patch/-/fast-json-patch-2.2.1.tgz"
  "version" "2.2.1"
  dependencies:
    "fast-deep-equal" "^2.0.1"

"fs.realpath@^1.0.0":
  "integrity" "sha1-FQStJSMVjKpA20onh8sBQRmU6k8="
  "resolved" "https://registry.npmjs.org/fs.realpath/-/fs.realpath-1.0.0.tgz"
  "version" "1.0.0"

"glob@^7.1.4":
  "integrity" "sha512-lmLf6gtyrPq8tTjSmrO94wBeQbFR3HbLHbuyD69wuyQkImp2hWqMGB47OX65FBkPffO641IP9jWa1z4ivqG26Q=="
  "resolved" "https://registry.npmjs.org/glob/-/glob-7.2.0.tgz"
  "version" "7.2.0"
  dependencies:
    "fs.realpath" "^1.0.0"
    "inflight" "^1.0.4"
    "inherits" "2"
    "minimatch" "^3.0.4"
    "once" "^1.3.0"
    "path-is-absolute" "^1.0.0"

"inflight@^1.0.4":
  "integrity" "sha1-Sb1jMdfQLQwJvJEKEHW6gWW1bfk="
  "resolved" "https://registry.npmjs.org/inflight/-/inflight-1.0.6.tgz"
  "version" "1.0.6"
  dependencies:
    "once" "^1.3.0"
    "wrappy" "1"

"inherits@2":
  "integrity" "sha512-k/vGaX4/Yla3WzyMCvTQOXYeIHvqOKtnqBduzTHpzpQZzAskKMhZ2K+EnBiSM9zGSoIFeMpXKxa4dYeZIQqewQ=="
  "resolved" "https://registry.npmjs.org/inherits/-/inherits-2.0.4.tgz"
  "version" "2.0.4"

"json-merge-patch@^1.0.2":
  "integrity" "sha512-M6Vp2GN9L7cfuMXiWOmHj9bEFbeC250iVtcKQbqVgEsDVYnIsrNsbU+h/Y/PkbBQCtEa4Bez+Ebv0zfbC8ObLg=="
  "resolved" "https://registry.npmjs.org/json-merge-patch/-/json-merge-patch-1.0.2.tgz"
  "version" "1.0.2"
  dependencies:
    "fast-deep-equal" "^3.1.3"

"json-schema-traverse@^1.0.0":
  "integrity" "sha512-NM8/P9n3XjXhIZn1lLhkFaACTOURQXjWhV4BA/RnOv8xvgqtqpAX9IO4mRQxSx1Rlo4tqzeqb0sOlruaOy3dug=="
  "resolved" "https://registry.npmjs.org/json-schema-traverse/-/json-schema-traverse-1.0.0.tgz"
  "version" "1.0.0"

"lodash@^4.17.14":
  "integrity" "sha512-mmKYbW3GLuJeX+iGP+Y7Gp1AiGHGbXHCOh/jZmrawMmsE7MS4znI3RL2FsjbqOyMayHInjOeykW7PEajUk1/xw=="
  "resolved" "https://registry.npmjs.org/lodash/-/lodash-4.17.14.tgz"
  "version" "4.17.14"

"minimatch@^3.0.4":
  "integrity" "sha512-yJHVQEhyqPLUTgt9B83PXu6W3rx4MvvHvSUvToogpwoGDOUQ+yDrR0HRot+yOCdCO7u4hX3pWft6kWBBcqh0UA=="
  "resolved" "https://registry.npmjs.org/minimatch/-/minimatch-3.0.4.tgz"
  "version" "3.0.4"
  dependencies:
    "brace-expansion" "^1.1.7"

"once@^1.3.0":
  "integrity" "sha1-WDsap3WWHUsROsF9nFC6753Xa9E="
  "resolved" "https://registry.npmjs.org/once/-/once-1.4.0.tgz"
  "version" "1.4.0"
  dependencies:
    "wrappy" "1"

"path-is-absolute@^1.0.0":
  "integrity" "sha1-F0uSaHNVNP+8es5r9TpanhtcX18="
  "resolved" "https://registry.npmjs.org/path-is-absolute/-/path-is-absolute-1.0.1.tgz"
  "version" "1.0.1"

"punycode@^2.1.0":
  "integrity" "sha512-XRsRjdf+j5ml+y/6GKHPZbrF/8p2Yga0JPtdqTIY2Xe5ohJPD9saDJJLPvp9+NSBprVvevdXZybnj2cv8OEd0A=="
  "resolved" "https://registry.npmjs.org/punycode/-/punycode-2.1.1.tgz"
  "version" "2.1.1"

"require-from-string@^2.0.2":
  "integrity" "sha512-Xf0nWe6RseziFMu+Ap9biiUbmplq6S9/p+7w7YXP/JBHhrUDDUhwa+vANyubuqfZWTveU//DYVGsDG7RKL/vEw=="
  "resolved" "https://registry.npmjs.org/require-from-string/-/require-from-string-2.0.2.tgz"
  "version" "2.0.2"

"uri-js@^4.2.2":
  "integrity" "sha512-7rKUyy33Q1yc98pQ1DAmLtwX109F7TIfWlW1Ydo8Wl1ii1SeHieeh0HHfPeL2fMXK6z0s8ecKs9frCuLJvndBg=="
  "resolved" "https://registry.npmjs.org/uri-js/-/uri-js-4.4.1.tgz"
  "version" "4.4.1"
  dependencies:
    "punycode" "^2.1.0"

"wrappy@1":
  "integrity" "sha1-tSQ9jz7BqjXxNkYFvA0QNuMKtp8="
  "resolved" "https://registry.npmjs.org/wrappy/-/wrappy-1.0.2.tgz"
  "version" "1.0.2"
